// !$*UTF8*$!
{
	archiveVersion = 1;
	classes = {
	};
	objectVersion = 56;
	objects = {

/* Begin PBXBuildFile section */
		71B2A1A62B0E776400CFD450 /* 14. Longest Common Prefix.swift in Sources */ = {isa = PBXBuildFile; fileRef = 71B2A1A52B0E776400CFD450 /* 14. Longest Common Prefix.swift */; };
		71F6B8002AEED5D300AD2DAE /* main.swift in Sources */ = {isa = PBXBuildFile; fileRef = 71F6B7FF2AEED5D300AD2DAE /* main.swift */; };
		71F6B8072AEED69A00AD2DAE /* 9. Pallindrome Number.swift in Sources */ = {isa = PBXBuildFile; fileRef = 71F6B8062AEED69A00AD2DAE /* 9. Pallindrome Number.swift */; };
		71F9677D2B03DFE8006F0485 /* Add two numbers.swift in Sources */ = {isa = PBXBuildFile; fileRef = 71F9677C2B03DFE8006F0485 /* Add two numbers.swift */; };
		71F967802B03EE20006F0485 /*  13. Roman to Integer.swift in Sources */ = {isa = PBXBuildFile; fileRef = 71F9677F2B03EE20006F0485 /*  13. Roman to Integer.swift */; };
/* End PBXBuildFile section */

/* Begin PBXCopyFilesBuildPhase section */
		71F6B7FA2AEED5D300AD2DAE /* CopyFiles */ = {
			isa = PBXCopyFilesBuildPhase;
			buildActionMask = 2147483647;
			dstPath = /usr/share/man/man1/;
			dstSubfolderSpec = 0;
			files = (
			);
			runOnlyForDeploymentPostprocessing = 1;
		};
/* End PBXCopyFilesBuildPhase section */

/* Begin PBXFileReference section */
		71B2A1A52B0E776400CFD450 /* 14. Longest Common Prefix.swift */ = {isa = PBXFileReference; lastKnownFileType = sourcecode.swift; path = "14. Longest Common Prefix.swift"; sourceTree = "<group>"; };
		71F6B7FC2AEED5D300AD2DAE /* CompetitiveProgramming */ = {isa = PBXFileReference; explicitFileType = "compiled.mach-o.executable"; includeInIndex = 0; path = CompetitiveProgramming; sourceTree = BUILT_PRODUCTS_DIR; };
		71F6B7FF2AEED5D300AD2DAE /* main.swift */ = {isa = PBXFileReference; lastKnownFileType = sourcecode.swift; path = main.swift; sourceTree = "<group>"; };
		71F6B8062AEED69A00AD2DAE /* 9. Pallindrome Number.swift */ = {isa = PBXFileReference; lastKnownFileType = sourcecode.swift; path = "9. Pallindrome Number.swift"; sourceTree = "<group>"; };
		71F9677C2B03DFE8006F0485 /* Add two numbers.swift */ = {isa = PBXFileReference; lastKnownFileType = sourcecode.swift; path = "Add two numbers.swift"; sourceTree = "<group>"; };
		71F9677F2B03EE20006F0485 /*  13. Roman to Integer.swift */ = {isa = PBXFileReference; lastKnownFileType = sourcecode.swift; path = " 13. Roman to Integer.swift"; sourceTree = "<group>"; };
/* End PBXFileReference section */

/* Begin PBXFrameworksBuildPhase section */
		71F6B7F92AEED5D300AD2DAE /* Frameworks */ = {
			isa = PBXFrameworksBuildPhase;
			buildActionMask = 2147483647;
			files = (
			);
			runOnlyForDeploymentPostprocessing = 0;
		};
/* End PBXFrameworksBuildPhase section */

/* Begin PBXGroup section */
		71B2A1A42B0E774A00CFD450 /* Random */ = {
			isa = PBXGroup;
			children = (
				71B2A1A52B0E776400CFD450 /* 14. Longest Common Prefix.swift */,
			);
			path = Random;
			sourceTree = "<group>";
		};
		71F6B7F32AEED5D300AD2DAE = {
			isa = PBXGroup;
			children = (
				71F6B7FE2AEED5D300AD2DAE /* CompetitiveProgramming */,
				71F6B7FD2AEED5D300AD2DAE /* Products */,
			);
			sourceTree = "<group>";
		};
		71F6B7FD2AEED5D300AD2DAE /* Products */ = {
			isa = PBXGroup;
			children = (
				71F6B7FC2AEED5D300AD2DAE /* CompetitiveProgramming */,
			);
			name = Products;
			sourceTree = "<group>";
		};
		71F6B7FE2AEED5D300AD2DAE /* CompetitiveProgramming */ = {
			isa = PBXGroup;
			children = (
				71B2A1A42B0E774A00CFD450 /* Random */,
				71F9677E2B03EE15006F0485 /* String */,
				71F6B7FF2AEED5D300AD2DAE /* main.swift */,
				71F6B8062AEED69A00AD2DAE /* 9. Pallindrome Number.swift */,
				71F9677B2B03DFB8006F0485 /* Linke List */,
			);
			path = CompetitiveProgramming;
			sourceTree = "<group>";
		};
		71F9677B2B03DFB8006F0485 /* Linke List */ = {
			isa = PBXGroup;
			children = (
				71F9677C2B03DFE8006F0485 /* Add two numbers.swift */,
			);
			path = "Linke List";
			sourceTree = "<group>";
		};
		71F9677E2B03EE15006F0485 /* String */ = {
			isa = PBXGroup;
			children = (
				71F9677F2B03EE20006F0485 /*  13. Roman to Integer.swift */,
			);
			path = String;
			sourceTree = "<group>";
		};
/* End PBXGroup section */

/* Begin PBXNativeTarget section */
		71F6B7FB2AEED5D300AD2DAE /* CompetitiveProgramming */ = {
			isa = PBXNativeTarget;
			buildConfigurationList = 71F6B8032AEED5D300AD2DAE /* Build configuration list for PBXNativeTarget "CompetitiveProgramming" */;
			buildPhases = (
				71F6B7F82AEED5D300AD2DAE /* Sources */,
				71F6B7F92AEED5D300AD2DAE /* Frameworks */,
				71F6B7FA2AEED5D300AD2DAE /* CopyFiles */,
			);
			buildRules = (
			);
			dependencies = (
			);
			name = CompetitiveProgramming;
			productName = CompetitiveProgramming;
			productReference = 71F6B7FC2AEED5D300AD2DAE /* CompetitiveProgramming */;
			productType = "com.apple.product-type.tool";
		};
/* End PBXNativeTarget section */

/* Begin PBXProject section */
		71F6B7F42AEED5D300AD2DAE /* Project object */ = {
			isa = PBXProject;
			attributes = {
				BuildIndependentTargetsInParallel = 1;
				LastSwiftUpdateCheck = 1420;
				LastUpgradeCheck = 1420;
				TargetAttributes = {
					71F6B7FB2AEED5D300AD2DAE = {
						CreatedOnToolsVersion = 14.2;
					};
				};
			};
			buildConfigurationList = 71F6B7F72AEED5D300AD2DAE /* Build configuration list for PBXProject "CompetitiveProgramming" */;
			compatibilityVersion = "Xcode 14.0";
			developmentRegion = en;
			hasScannedForEncodings = 0;
			knownRegions = (
				en,
				Base,
			);
			mainGroup = 71F6B7F32AEED5D300AD2DAE;
			productRefGroup = 71F6B7FD2AEED5D300AD2DAE /* Products */;
			projectDirPath = "";
			projectRoot = "";
			targets = (
				71F6B7FB2AEED5D300AD2DAE /* CompetitiveProgramming */,
			);
		};
/* End PBXProject section */

/* Begin PBXSourcesBuildPhase section */
		71F6B7F82AEED5D300AD2DAE /* Sources */ = {
			isa = PBXSourcesBuildPhase;
			buildActionMask = 2147483647;
			files = (
				71F6B8002AEED5D300AD2DAE /* main.swift in Sources */,
				71F6B8072AEED69A00AD2DAE /* 9. Pallindrome Number.swift in Sources */,
				71F967802B03EE20006F0485 /*  13. Roman to Integer.swift in Sources */,
				71B2A1A62B0E776400CFD450 /* 14. Longest Common Prefix.swift in Sources */,
				71F9677D2B03DFE8006F0485 /* Add two numbers.swift in Sources */,
			);
			runOnlyForDeploymentPostprocessing = 0;
		};
/* End PBXSourcesBuildPhase section */

/* Begin XCBuildConfiguration section */
		71F6B8012AEED5D300AD2DAE /* Debug */ = {
			isa = XCBuildConfiguration;
			buildSettings = {
				ALWAYS_SEARCH_USER_PATHS = NO;
				CLANG_ANALYZER_NONNULL = YES;
				CLANG_ANALYZER_NUMBER_OBJECT_CONVERSION = YES_AGGRESSIVE;
				CLANG_CXX_LANGUAGE_STANDARD = "gnu++20";
				CLANG_ENABLE_MODULES = YES;
				CLANG_ENABLE_OBJC_ARC = YES;
				CLANG_ENABLE_OBJC_WEAK = YES;
				CLANG_WARN_BLOCK_CAPTURE_AUTORELEASING = YES;
				CLANG_WARN_BOOL_CONVERSION = YES;
				CLANG_WARN_COMMA = YES;
				CLANG_WARN_CONSTANT_CONVERSION = YES;
				CLANG_WARN_DEPRECATED_OBJC_IMPLEMENTATIONS = YES;
				CLANG_WARN_DIRECT_OBJC_ISA_USAGE = YES_ERROR;
				CLANG_WARN_DOCUMENTATION_COMMENTS = YES;
				CLANG_WARN_EMPTY_BODY = YES;
				CLANG_WARN_ENUM_CONVERSION = YES;
				CLANG_WARN_INFINITE_RECURSION = YES;
				CLANG_WARN_INT_CONVERSION = YES;
				CLANG_WARN_NON_LITERAL_NULL_CONVERSION = YES;
				CLANG_WARN_OBJC_IMPLICIT_RETAIN_SELF = YES;
				CLANG_WARN_OBJC_LITERAL_CONVERSION = YES;
				CLANG_WARN_OBJC_ROOT_CLASS = YES_ERROR;
				CLANG_WARN_QUOTED_INCLUDE_IN_FRAMEWORK_HEADER = YES;
				CLANG_WARN_RANGE_LOOP_ANALYSIS = YES;
				CLANG_WARN_STRICT_PROTOTYPES = YES;
				CLANG_WARN_SUSPICIOUS_MOVE = YES;
				CLANG_WARN_UNGUARDED_AVAILABILITY = YES_AGGRESSIVE;
				CLANG_WARN_UNREACHABLE_CODE = YES;
				CLANG_WARN__DUPLICATE_METHOD_MATCH = YES;
				COPY_PHASE_STRIP = NO;
				DEBUG_INFORMATION_FORMAT = dwarf;
				ENABLE_STRICT_OBJC_MSGSEND = YES;
				ENABLE_TESTABILITY = YES;
				GCC_C_LANGUAGE_STANDARD = gnu11;
				GCC_DYNAMIC_NO_PIC = NO;
				GCC_NO_COMMON_BLOCKS = YES;
				GCC_OPTIMIZATION_LEVEL = 0;
				GCC_PREPROCESSOR_DEFINITIONS = (
					"DEBUG=1",
					"$(inherited)",
				);
				GCC_WARN_64_TO_32_BIT_CONVERSION = YES;
				GCC_WARN_ABOUT_RETURN_TYPE = YES_ERROR;
				GCC_WARN_UNDECLARED_SELECTOR = YES;
				GCC_WARN_UNINITIALIZED_AUTOS = YES_AGGRESSIVE;
				GCC_WARN_UNUSED_FUNCTION = YES;
				GCC_WARN_UNUSED_VARIABLE = YES;
				MACOSX_DEPLOYMENT_TARGET = 13.0;
				MTL_ENABLE_DEBUG_INFO = INCLUDE_SOURCE;
				MTL_FAST_MATH = YES;
				ONLY_ACTIVE_ARCH = YES;
				SDKROOT = macosx;
				SWIFT_ACTIVE_COMPILATION_CONDITIONS = DEBUG;
				SWIFT_OPTIMIZATION_LEVEL = "-Onone";
			};
			name = Debug;
		};
		71F6B8022AEED5D300AD2DAE /* Release */ = {
			isa = XCBuildConfiguration;
			buildSettings = {
				ALWAYS_SEARCH_USER_PATHS = NO;
				CLANG_ANALYZER_NONNULL = YES;
				CLANG_ANALYZER_NUMBER_OBJECT_CONVERSION = YES_AGGRESSIVE;
				CLANG_CXX_LANGUAGE_STANDARD = "gnu++20";
				CLANG_ENABLE_MODULES = YES;
				CLANG_ENABLE_OBJC_ARC = YES;
				CLANG_ENABLE_OBJC_WEAK = YES;
				CLANG_WARN_BLOCK_CAPTURE_AUTORELEASING = YES;
				CLANG_WARN_BOOL_CONVERSION = YES;
				CLANG_WARN_COMMA = YES;
				CLANG_WARN_CONSTANT_CONVERSION = YES;
				CLANG_WARN_DEPRECATED_OBJC_IMPLEMENTATIONS = YES;
				CLANG_WARN_DIRECT_OBJC_ISA_USAGE = YES_ERROR;
				CLANG_WARN_DOCUMENTATION_COMMENTS = YES;
				CLANG_WARN_EMPTY_BODY = YES;
				CLANG_WARN_ENUM_CONVERSION = YES;
				CLANG_WARN_INFINITE_RECURSION = YES;
				CLANG_WARN_INT_CONVERSION = YES;
				CLANG_WARN_NON_LITERAL_NULL_CONVERSION = YES;
				CLANG_WARN_OBJC_IMPLICIT_RETAIN_SELF = YES;
				CLANG_WARN_OBJC_LITERAL_CONVERSION = YES;
				CLANG_WARN_OBJC_ROOT_CLASS = YES_ERROR;
				CLANG_WARN_QUOTED_INCLUDE_IN_FRAMEWORK_HEADER = YES;
				CLANG_WARN_RANGE_LOOP_ANALYSIS = YES;
				CLANG_WARN_STRICT_PROTOTYPES = YES;
				CLANG_WARN_SUSPICIOUS_MOVE = YES;
				CLANG_WARN_UNGUARDED_AVAILABILITY = YES_AGGRESSIVE;
				CLANG_WARN_UNREACHABLE_CODE = YES;
				CLANG_WARN__DUPLICATE_METHOD_MATCH = YES;
				COPY_PHASE_STRIP = NO;
				DEBUG_INFORMATION_FORMAT = "dwarf-with-dsym";
				ENABLE_NS_ASSERTIONS = NO;
				ENABLE_STRICT_OBJC_MSGSEND = YES;
				GCC_C_LANGUAGE_STANDARD = gnu11;
				GCC_NO_COMMON_BLOCKS = YES;
				GCC_WARN_64_TO_32_BIT_CONVERSION = YES;
				GCC_WARN_ABOUT_RETURN_TYPE = YES_ERROR;
				GCC_WARN_UNDECLARED_SELECTOR = YES;
				GCC_WARN_UNINITIALIZED_AUTOS = YES_AGGRESSIVE;
				GCC_WARN_UNUSED_FUNCTION = YES;
				GCC_WARN_UNUSED_VARIABLE = YES;
				MACOSX_DEPLOYMENT_TARGET = 13.0;
				MTL_ENABLE_DEBUG_INFO = NO;
				MTL_FAST_MATH = YES;
				SDKROOT = macosx;
				SWIFT_COMPILATION_MODE = wholemodule;
				SWIFT_OPTIMIZATION_LEVEL = "-O";
			};
			name = Release;
		};
		71F6B8042AEED5D300AD2DAE /* Debug */ = {
			isa = XCBuildConfiguration;
			buildSettings = {
				CODE_SIGN_STYLE = Automatic;
				DEVELOPMENT_TEAM = WXHAH5T735;
				ENABLE_HARDENED_RUNTIME = YES;
				PRODUCT_NAME = "$(TARGET_NAME)";
				SWIFT_VERSION = 5.0;
			};
			name = Debug;
		};
		71F6B8052AEED5D300AD2DAE /* Release */ = {
			isa = XCBuildConfiguration;
			buildSettings = {
				CODE_SIGN_STYLE = Automatic;
				DEVELOPMENT_TEAM = WXHAH5T735;
				ENABLE_HARDENED_RUNTIME = YES;
				PRODUCT_NAME = "$(TARGET_NAME)";
				SWIFT_VERSION = 5.0;
			};
			name = Release;
		};
/* End XCBuildConfiguration section */

/* Begin XCConfigurationList section */
		71F6B7F72AEED5D300AD2DAE /* Build configuration list for PBXProject "CompetitiveProgramming" */ = {
			isa = XCConfigurationList;
			buildConfigurations = (
				71F6B8012AEED5D300AD2DAE /* Debug */,
				71F6B8022AEED5D300AD2DAE /* Release */,
			);
			defaultConfigurationIsVisible = 0;
			defaultConfigurationName = Release;
		};
		71F6B8032AEED5D300AD2DAE /* Build configuration list for PBXNativeTarget "CompetitiveProgramming" */ = {
			isa = XCConfigurationList;
			buildConfigurations = (
				71F6B8042AEED5D300AD2DAE /* Debug */,
				71F6B8052AEED5D300AD2DAE /* Release */,
			);
			defaultConfigurationIsVisible = 0;
			defaultConfigurationName = Release;
		};
/* End XCConfigurationList section */
	};
	rootObject = 71F6B7F42AEED5D300AD2DAE /* Project object */;
}
